
Microsoft Visual Studio Solution File, Format Version 12.00
# Visual Studio Version 17
VisualStudioVersion = 17.14.36915.13
MinimumVisualStudioVersion = 10.0.40219.1
Project("{2150E333-8FDC-42A3-9474-1A3956D46DE8}") = "API", "API", "{02EA681E-C7D8-13C7-8484-4AC65E1B71E8}"
EndProject
Project("{2150E333-8FDC-42A3-9474-1A3956D46DE8}") = "BuildingBlocks", "BuildingBlocks", "{F3052140-B28A-4EB3-B093-C85EE88086F8}"
EndProject
Project("{2150E333-8FDC-42A3-9474-1A3956D46DE8}") = "Modules", "Modules", "{9A883F9C-5172-4CBC-8BF9-D616C3470FBC}"
EndProject
Project("{2150E333-8FDC-42A3-9474-1A3956D46DE8}") = "Nutrition", "Nutrition", "{E17ABDE3-2DE0-4740-91CE-5A4C7D12E51D}"
EndProject
Project("{2150E333-8FDC-42A3-9474-1A3956D46DE8}") = "Planning", "Planning", "{8AD60B43-EFCD-4D8A-A19F-EFC38C8D2193}"
EndProject
Project("{2150E333-8FDC-42A3-9474-1A3956D46DE8}") = "Tracking", "Tracking", "{829BD25C-DAE0-40D4-BFBF-F1FDE35C179B}"
EndProject
Project("{2150E333-8FDC-42A3-9474-1A3956D46DE8}") = "Identity", "Identity", "{72A3D570-2DB9-4A0D-9637-B8EE0D622646}"
EndProject
Project("{2150E333-8FDC-42A3-9474-1A3956D46DE8}") = "Tests", "Tests", "{55433430-1885-46EF-BBC2-55276B59A973}"
EndProject
Project("{FAE04EC0-301F-11D3-BF4B-00C04F79EFBC}") = "FitCorePro.API", "FitCorePro.API\FitCorePro.API.csproj", "{42E6E6A5-59FE-446D-86EC-F8D4FC4B5D90}"
EndProject
Project("{FAE04EC0-301F-11D3-BF4B-00C04F79EFBC}") = "FitCorePro.SharedKernel", "FitCorePro.SharedKernel\FitCorePro.SharedKernel.csproj", "{85BFD862-948F-4BAC-8732-6E1BF15A1908}"
EndProject
Project("{FAE04EC0-301F-11D3-BF4B-00C04F79EFBC}") = "FitCorePro.Identity.Domain", "FitCorePro.Identity.Domain\FitCorePro.Identity.Domain.csproj", "{D2E1FBCB-5388-4F49-B4A1-240CA8CF6456}"
EndProject
Project("{FAE04EC0-301F-11D3-BF4B-00C04F79EFBC}") = "FitCorePro.Identity.Application", "FitCorePro.Identity.Application\FitCorePro.Identity.Application.csproj", "{77D0BC94-6CB2-4D39-845C-BAA90D9A13C4}"
EndProject
Project("{FAE04EC0-301F-11D3-BF4B-00C04F79EFBC}") = "FitCorePro.Nutrition.Planning.Domain", "FitCorePro.Nutrition.Planning.Domain\FitCorePro.Nutrition.Planning.Domain.csproj", "{532F08BB-BE07-4B55-A1EB-9EAEC89BF590}"
EndProject
Project("{FAE04EC0-301F-11D3-BF4B-00C04F79EFBC}") = "FitCorePro.Nutrition.Planning.Application", "FitCorePro.Nutrition.Planning.Application\FitCorePro.Nutrition.Planning.Application.csproj", "{E84A56E3-393C-4F24-A97D-FE7CCF3FB804}"
EndProject
Project("{FAE04EC0-301F-11D3-BF4B-00C04F79EFBC}") = "FitCorePro.Nutrition.Planning.Infrastructure", "FitCorePro.Nutrition.Planning.Infrastructure\FitCorePro.Nutrition.Planning.Infrastructure.csproj", "{4D1C2D22-F068-4ACD-9F6B-6011E29226D8}"
EndProject
Project("{FAE04EC0-301F-11D3-BF4B-00C04F79EFBC}") = "FitCorePro.Nutrition.Tracking.Domain", "FitCorePro.Nutrition.Tracking.Domain\FitCorePro.Nutrition.Tracking.Domain.csproj", "{62C08E0B-6EC4-461B-A91A-1AB93C5A7F09}"
EndProject
Project("{FAE04EC0-301F-11D3-BF4B-00C04F79EFBC}") = "FitCorePro.Nutrition.Tracking.Application", "FitCorePro.Nutrition.Tracking.Application\FitCorePro.Nutrition.Tracking.Application.csproj", "{835403DB-B3D3-454E-8EB6-76E426A8A848}"
EndProject
Project("{FAE04EC0-301F-11D3-BF4B-00C04F79EFBC}") = "FitCorePro.Nutrition.Tracking.Infrastructure", "FitCorePro.Nutrition.Tracking.Infrastructure\FitCorePro.Nutrition.Tracking.Infrastructure.csproj", "{DA744E02-A380-4DF5-8FF7-54B5773F3968}"
EndProject
Project("{2150E333-8FDC-42A3-9474-1A3956D46DE8}") = "Training", "Training", "{705EEE7B-3259-44B9-92DE-79B300D505D9}"
EndProject
Project("{2150E333-8FDC-42A3-9474-1A3956D46DE8}") = "Planning", "Planning", "{87AD45F9-C619-42F5-A750-84B87FD49AF1}"
EndProject
Project("{FAE04EC0-301F-11D3-BF4B-00C04F79EFBC}") = "FitCorePro.Training.Planning.Application", "FitCorePro.Training.Planning.Application\FitCorePro.Training.Planning.Application.csproj", "{F02C985B-A543-4990-9655-A9DEC82A84D5}"
EndProject
Project("{FAE04EC0-301F-11D3-BF4B-00C04F79EFBC}") = "FitCorePro.Training.Planning.Domain", "FitCorePro.Training.Planning.Domain\FitCorePro.Training.Planning.Domain.csproj", "{88A0CC3E-2447-408F-9D83-10EAE8FB1CC4}"
EndProject
Project("{FAE04EC0-301F-11D3-BF4B-00C04F79EFBC}") = "FitCorePro.Training.Planning.Infrastructure", "FitCorePro.Training.Planning.Infrastructure\FitCorePro.Training.Planning.Infrastructure.csproj", "{BF5BB38D-ED04-4FBC-976D-F762AE6A798A}"
EndProject
Project("{2150E333-8FDC-42A3-9474-1A3956D46DE8}") = "BodyComposition", "BodyComposition", "{7DDC34DB-26D8-4ED2-B910-6C0F61F9F975}"
EndProject
Project("{2150E333-8FDC-42A3-9474-1A3956D46DE8}") = "Bioimpedancia", "Bioimpedancia", "{95CD2174-74BB-447B-852D-95548B0C5190}"
EndProject
Project("{FAE04EC0-301F-11D3-BF4B-00C04F79EFBC}") = "FitCorePro.Bioimpedancia.Application", "FitCorePro.Bioimpedancia.Application\FitCorePro.Bioimpedancia.Application.csproj", "{0D41650F-B442-476F-B579-D92A8866AB62}"
EndProject
Project("{FAE04EC0-301F-11D3-BF4B-00C04F79EFBC}") = "FitCorePro.Bioimpedancia.Domain", "FitCorePro.Bioimpedancia.Domain\FitCorePro.Bioimpedancia.Domain.csproj", "{AB405160-441A-43FD-8E6B-B3DA308D125B}"
EndProject
Project("{FAE04EC0-301F-11D3-BF4B-00C04F79EFBC}") = "FitCorePro.Bioimpedancia.Infrastructure", "FitCorePro.Bioimpedancia.Infrastructure\FitCorePro.Bioimpedancia.Infrastructure.csproj", "{DAB01C2F-82C5-447E-8ED3-06B3BDAAF723}"
EndProject
Project("{FAE04EC0-301F-11D3-BF4B-00C04F79EFBC}") = "FitCorePro.Identity.Infrastructure", "FitCorePro.Identity.Infrastructure\FitCorePro.Identity.Infrastructure.csproj", "{52420EE9-E7AA-440A-9B08-9E7B622665BE}"
EndProject
Global
	GlobalSection(SolutionConfigurationPlatforms) = preSolution
		Debug|Any CPU = Debug|Any CPU
		Release|Any CPU = Release|Any CPU
	EndGlobalSection
	GlobalSection(ProjectConfigurationPlatforms) = postSolution
		{42E6E6A5-59FE-446D-86EC-F8D4FC4B5D90}.Debug|Any CPU.ActiveCfg = Debug|Any CPU
		{42E6E6A5-59FE-446D-86EC-F8D4FC4B5D90}.Debug|Any CPU.Build.0 = Debug|Any CPU
		{42E6E6A5-59FE-446D-86EC-F8D4FC4B5D90}.Release|Any CPU.ActiveCfg = Release|Any CPU
		{42E6E6A5-59FE-446D-86EC-F8D4FC4B5D90}.Release|Any CPU.Build.0 = Release|Any CPU
		{85BFD862-948F-4BAC-8732-6E1BF15A1908}.Debug|Any CPU.ActiveCfg = Debug|Any CPU
		{85BFD862-948F-4BAC-8732-6E1BF15A1908}.Debug|Any CPU.Build.0 = Debug|Any CPU
		{85BFD862-948F-4BAC-8732-6E1BF15A1908}.Release|Any CPU.ActiveCfg = Release|Any CPU
		{85BFD862-948F-4BAC-8732-6E1BF15A1908}.Release|Any CPU.Build.0 = Release|Any CPU
		{D2E1FBCB-5388-4F49-B4A1-240CA8CF6456}.Debug|Any CPU.ActiveCfg = Debug|Any CPU
		{D2E1FBCB-5388-4F49-B4A1-240CA8CF6456}.Debug|Any CPU.Build.0 = Debug|Any CPU
		{D2E1FBCB-5388-4F49-B4A1-240CA8CF6456}.Release|Any CPU.ActiveCfg = Release|Any CPU
		{D2E1FBCB-5388-4F49-B4A1-240CA8CF6456}.Release|Any CPU.Build.0 = Release|Any CPU
		{77D0BC94-6CB2-4D39-845C-BAA90D9A13C4}.Debug|Any CPU.ActiveCfg = Debug|Any CPU
		{77D0BC94-6CB2-4D39-845C-BAA90D9A13C4}.Debug|Any CPU.Build.0 = Debug|Any CPU
		{77D0BC94-6CB2-4D39-845C-BAA90D9A13C4}.Release|Any CPU.ActiveCfg = Release|Any CPU
		{77D0BC94-6CB2-4D39-845C-BAA90D9A13C4}.Release|Any CPU.Build.0 = Release|Any CPU
		{532F08BB-BE07-4B55-A1EB-9EAEC89BF590}.Debug|Any CPU.ActiveCfg = Debug|Any CPU
		{532F08BB-BE07-4B55-A1EB-9EAEC89BF590}.Debug|Any CPU.Build.0 = Debug|Any CPU
		{532F08BB-BE07-4B55-A1EB-9EAEC89BF590}.Release|Any CPU.ActiveCfg = Release|Any CPU
		{532F08BB-BE07-4B55-A1EB-9EAEC89BF590}.Release|Any CPU.Build.0 = Release|Any CPU
		{E84A56E3-393C-4F24-A97D-FE7CCF3FB804}.Debug|Any CPU.ActiveCfg = Debug|Any CPU
		{E84A56E3-393C-4F24-A97D-FE7CCF3FB804}.Debug|Any CPU.Build.0 = Debug|Any CPU
		{E84A56E3-393C-4F24-A97D-FE7CCF3FB804}.Release|Any CPU.ActiveCfg = Release|Any CPU
		{E84A56E3-393C-4F24-A97D-FE7CCF3FB804}.Release|Any CPU.Build.0 = Release|Any CPU
		{4D1C2D22-F068-4ACD-9F6B-6011E29226D8}.Debug|Any CPU.ActiveCfg = Debug|Any CPU
		{4D1C2D22-F068-4ACD-9F6B-6011E29226D8}.Debug|Any CPU.Build.0 = Debug|Any CPU
		{4D1C2D22-F068-4ACD-9F6B-6011E29226D8}.Release|Any CPU.ActiveCfg = Release|Any CPU
		{4D1C2D22-F068-4ACD-9F6B-6011E29226D8}.Release|Any CPU.Build.0 = Release|Any CPU
		{62C08E0B-6EC4-461B-A91A-1AB93C5A7F09}.Debug|Any CPU.ActiveCfg = Debug|Any CPU
		{62C08E0B-6EC4-461B-A91A-1AB93C5A7F09}.Debug|Any CPU.Build.0 = Debug|Any CPU
		{62C08E0B-6EC4-461B-A91A-1AB93C5A7F09}.Release|Any CPU.ActiveCfg = Release|Any CPU
		{62C08E0B-6EC4-461B-A91A-1AB93C5A7F09}.Release|Any CPU.Build.0 = Release|Any CPU
		{835403DB-B3D3-454E-8EB6-76E426A8A848}.Debug|Any CPU.ActiveCfg = Debug|Any CPU
		{835403DB-B3D3-454E-8EB6-76E426A8A848}.Debug|Any CPU.Build.0 = Debug|Any CPU
		{835403DB-B3D3-454E-8EB6-76E426A8A848}.Release|Any CPU.ActiveCfg = Release|Any CPU
		{835403DB-B3D3-454E-8EB6-76E426A8A848}.Release|Any CPU.Build.0 = Release|Any CPU
		{DA744E02-A380-4DF5-8FF7-54B5773F3968}.Debug|Any CPU.ActiveCfg = Debug|Any CPU
		{DA744E02-A380-4DF5-8FF7-54B5773F3968}.Debug|Any CPU.Build.0 = Debug|Any CPU
		{DA744E02-A380-4DF5-8FF7-54B5773F3968}.Release|Any CPU.ActiveCfg = Release|Any CPU
		{DA744E02-A380-4DF5-8FF7-54B5773F3968}.Release|Any CPU.Build.0 = Release|Any CPU
		{F02C985B-A543-4990-9655-A9DEC82A84D5}.Debug|Any CPU.ActiveCfg = Debug|Any CPU
		{F02C985B-A543-4990-9655-A9DEC82A84D5}.Debug|Any CPU.Build.0 = Debug|Any CPU
		{F02C985B-A543-4990-9655-A9DEC82A84D5}.Release|Any CPU.ActiveCfg = Release|Any CPU
		{F02C985B-A543-4990-9655-A9DEC82A84D5}.Release|Any CPU.Build.0 = Release|Any CPU
		{88A0CC3E-2447-408F-9D83-10EAE8FB1CC4}.Debug|Any CPU.ActiveCfg = Debug|Any CPU
		{88A0CC3E-2447-408F-9D83-10EAE8FB1CC4}.Debug|Any CPU.Build.0 = Debug|Any CPU
		{88A0CC3E-2447-408F-9D83-10EAE8FB1CC4}.Release|Any CPU.ActiveCfg = Release|Any CPU
		{88A0CC3E-2447-408F-9D83-10EAE8FB1CC4}.Release|Any CPU.Build.0 = Release|Any CPU
		{BF5BB38D-ED04-4FBC-976D-F762AE6A798A}.Debug|Any CPU.ActiveCfg = Debug|Any CPU
		{BF5BB38D-ED04-4FBC-976D-F762AE6A798A}.Debug|Any CPU.Build.0 = Debug|Any CPU
		{BF5BB38D-ED04-4FBC-976D-F762AE6A798A}.Release|Any CPU.ActiveCfg = Release|Any CPU
		{BF5BB38D-ED04-4FBC-976D-F762AE6A798A}.Release|Any CPU.Build.0 = Release|Any CPU
		{0D41650F-B442-476F-B579-D92A8866AB62}.Debug|Any CPU.ActiveCfg = Debug|Any CPU
		{0D41650F-B442-476F-B579-D92A8866AB62}.Debug|Any CPU.Build.0 = Debug|Any CPU
		{0D41650F-B442-476F-B579-D92A8866AB62}.Release|Any CPU.ActiveCfg = Release|Any CPU
		{0D41650F-B442-476F-B579-D92A8866AB62}.Release|Any CPU.Build.0 = Release|Any CPU
		{AB405160-441A-43FD-8E6B-B3DA308D125B}.Debug|Any CPU.ActiveCfg = Debug|Any CPU
		{AB405160-441A-43FD-8E6B-B3DA308D125B}.Debug|Any CPU.Build.0 = Debug|Any CPU
		{AB405160-441A-43FD-8E6B-B3DA308D125B}.Release|Any CPU.ActiveCfg = Release|Any CPU
		{AB405160-441A-43FD-8E6B-B3DA308D125B}.Release|Any CPU.Build.0 = Release|Any CPU
		{DAB01C2F-82C5-447E-8ED3-06B3BDAAF723}.Debug|Any CPU.ActiveCfg = Debug|Any CPU
		{DAB01C2F-82C5-447E-8ED3-06B3BDAAF723}.Debug|Any CPU.Build.0 = Debug|Any CPU
		{DAB01C2F-82C5-447E-8ED3-06B3BDAAF723}.Release|Any CPU.ActiveCfg = Release|Any CPU
		{DAB01C2F-82C5-447E-8ED3-06B3BDAAF723}.Release|Any CPU.Build.0 = Release|Any CPU
		{52420EE9-E7AA-440A-9B08-9E7B622665BE}.Debug|Any CPU.ActiveCfg = Debug|Any CPU
		{52420EE9-E7AA-440A-9B08-9E7B622665BE}.Debug|Any CPU.Build.0 = Debug|Any CPU
		{52420EE9-E7AA-440A-9B08-9E7B622665BE}.Release|Any CPU.ActiveCfg = Release|Any CPU
		{52420EE9-E7AA-440A-9B08-9E7B622665BE}.Release|Any CPU.Build.0 = Release|Any CPU
	EndGlobalSection
	GlobalSection(SolutionProperties) = preSolution
		HideSolutionNode = FALSE
	EndGlobalSection
	GlobalSection(NestedProjects) = preSolution
		{E17ABDE3-2DE0-4740-91CE-5A4C7D12E51D} = {9A883F9C-5172-4CBC-8BF9-D616C3470FBC}
		{8AD60B43-EFCD-4D8A-A19F-EFC38C8D2193} = {E17ABDE3-2DE0-4740-91CE-5A4C7D12E51D}
		{829BD25C-DAE0-40D4-BFBF-F1FDE35C179B} = {E17ABDE3-2DE0-4740-91CE-5A4C7D12E51D}
		{72A3D570-2DB9-4A0D-9637-B8EE0D622646} = {9A883F9C-5172-4CBC-8BF9-D616C3470FBC}
		{42E6E6A5-59FE-446D-86EC-F8D4FC4B5D90} = {02EA681E-C7D8-13C7-8484-4AC65E1B71E8}
		{85BFD862-948F-4BAC-8732-6E1BF15A1908} = {F3052140-B28A-4EB3-B093-C85EE88086F8}
		{D2E1FBCB-5388-4F49-B4A1-240CA8CF6456} = {72A3D570-2DB9-4A0D-9637-B8EE0D622646}
		{77D0BC94-6CB2-4D39-845C-BAA90D9A13C4} = {72A3D570-2DB9-4A0D-9637-B8EE0D622646}
		{532F08BB-BE07-4B55-A1EB-9EAEC89BF590} = {8AD60B43-EFCD-4D8A-A19F-EFC38C8D2193}
		{E84A56E3-393C-4F24-A97D-FE7CCF3FB804} = {8AD60B43-EFCD-4D8A-A19F-EFC38C8D2193}
		{4D1C2D22-F068-4ACD-9F6B-6011E29226D8} = {8AD60B43-EFCD-4D8A-A19F-EFC38C8D2193}
		{62C08E0B-6EC4-461B-A91A-1AB93C5A7F09} = {829BD25C-DAE0-40D4-BFBF-F1FDE35C179B}
		{835403DB-B3D3-454E-8EB6-76E426A8A848} = {829BD25C-DAE0-40D4-BFBF-F1FDE35C179B}
		{DA744E02-A380-4DF5-8FF7-54B5773F3968} = {829BD25C-DAE0-40D4-BFBF-F1FDE35C179B}
		{705EEE7B-3259-44B9-92DE-79B300D505D9} = {9A883F9C-5172-4CBC-8BF9-D616C3470FBC}
		{87AD45F9-C619-42F5-A750-84B87FD49AF1} = {705EEE7B-3259-44B9-92DE-79B300D505D9}
		{F02C985B-A543-4990-9655-A9DEC82A84D5} = {87AD45F9-C619-42F5-A750-84B87FD49AF1}
		{88A0CC3E-2447-408F-9D83-10EAE8FB1CC4} = {87AD45F9-C619-42F5-A750-84B87FD49AF1}
		{BF5BB38D-ED04-4FBC-976D-F762AE6A798A} = {87AD45F9-C619-42F5-A750-84B87FD49AF1}
		{7DDC34DB-26D8-4ED2-B910-6C0F61F9F975} = {9A883F9C-5172-4CBC-8BF9-D616C3470FBC}
		{95CD2174-74BB-447B-852D-95548B0C5190} = {7DDC34DB-26D8-4ED2-B910-6C0F61F9F975}
		{0D41650F-B442-476F-B579-D92A8866AB62} = {95CD2174-74BB-447B-852D-95548B0C5190}
		{AB405160-441A-43FD-8E6B-B3DA308D125B} = {95CD2174-74BB-447B-852D-95548B0C5190}
		{DAB01C2F-82C5-447E-8ED3-06B3BDAAF723} = {95CD2174-74BB-447B-852D-95548B0C5190}
		{52420EE9-E7AA-440A-9B08-9E7B622665BE} = {72A3D570-2DB9-4A0D-9637-B8EE0D622646}
	EndGlobalSection
	GlobalSection(ExtensibilityGlobals) = postSolution
		SolutionGuid = {35FFFCEA-DC05-4AB2-8753-B0F52FAD1EF4}
	EndGlobalSection
EndGlobal
